
Microsoft Visual Studio Solution File, Format Version 12.00
# Visual Studio Version 17
VisualStudioVersion = 17.3.32922.545
MinimumVisualStudioVersion = 10.0.40219.1
Project("{9A19103F-16F7-4668-BE54-9A1E7A4F7556}") = "RF_AIDialog", "RF_AIDialog\RF_AIDialog.csproj", "{A3F1C2D4-5B6E-7890-ABCD-EF1234567890}"
EndProject
Project("{9A19103F-16F7-4668-BE54-9A1E7A4F7556}") = "NecromancyAndSummoning", "NecromancyAndSummoning\NecromancyAndSummoning.csproj", "{74D0988D-8A41-4FAB-AA02-F808EB8B08CD}"
EndProject
Project("{9A19103F-16F7-4668-BE54-9A1E7A4F7556}") = "HuntableHerds", "HuntableHerds\HuntableHerds.csproj", "{FF903985-2BD6-4B37-8D15-EB4898C4FC6C}"
EndProject
Project("{9A19103F-16F7-4668-BE54-9A1E7A4F7556}") = "RealmsForgotten", "RealmsForgottenMain\RealmsForgotten.csproj", "{1076A320-4649-4272-B9B7-EB10875BC6B2}"
EndProject
Project("{9A19103F-16F7-4668-BE54-9A1E7A4F7556}") = "RFCustomSettlements", "RFCustomScenes\RFCustomSettlements.csproj", "{5EDC973C-000A-475F-AD9A-41045E31AC88}"
EndProject
Project("{9A19103F-16F7-4668-BE54-9A1E7A4F7556}") = "RFReligions", "RFReligions\RFReligions.csproj", "{25646E57-0449-44C6-AE51-2412AEE5E876}"
EndProject
Project("{9A19103F-16F7-4668-BE54-9A1E7A4F7556}") = "RFSmithing", "RFSmithing\RFSmithing.csproj", "{394FAFD1-8054-4AF9-8754-7AA84767F6F6}"
EndProject
Project("{9A19103F-16F7-4668-BE54-9A1E7A4F7556}") = "RF_Enlistment", "RF_Enlistment\RF_Enlistment.csproj", "{C6E98F5A-8A8E-4B1E-9E4F-5E820D6B7C31}"
EndProject
Project("{FAE04EC0-301F-11D3-BF4B-00C04F79EFBC}") = "RF_BattleAI", "RF_BattleAI\RF_BattleAI.csproj", "{F2DB53B4-7170-A2FE-1DC8-AF3C15FC5076}"
EndProject
Project("{9A19103F-16F7-4668-BE54-9A1E7A4F7556}") = "RF_warsystem", "RF_warsystem\RF_warsystem.csproj", "{7B4A5F1C-6F1A-4D33-95F1-0A0B3E1FD3A9}"
EndProject
Project("{FAE04EC0-301F-11D3-BF4B-00C04F79EFBC}") = "RF_Promoted", "RF_Promoted\RF_Promoted.csproj", "{A958032E-6CB9-4D3D-9A50-BBB18E6E6ECC}"
EndProject
Global
	GlobalSection(SolutionConfigurationPlatforms) = preSolution
		a|Any CPU = a|Any CPU
		a|x64 = a|x64
		a|x86 = a|x86
		aaa|Any CPU = aaa|Any CPU
		aaa|x64 = aaa|x64
		aaa|x86 = aaa|x86
		ah|Any CPU = ah|Any CPU
		ah|x64 = ah|x64
		ah|x86 = ah|x86
		Debug|Any CPU = Debug|Any CPU
		Debug|x64 = Debug|x64
		Debug|x86 = Debug|x86
		Release|Any CPU = Release|Any CPU
		Release|x64 = Release|x64
		Release|x86 = Release|x86
		tak|Any CPU = tak|Any CPU
		tak|x64 = tak|x64
		tak|x86 = tak|x86
	EndGlobalSection
	GlobalSection(ProjectConfigurationPlatforms) = postSolution
		{A3F1C2D4-5B6E-7890-ABCD-EF1234567890}.a|Any CPU.ActiveCfg = Release|x64
		{A3F1C2D4-5B6E-7890-ABCD-EF1234567890}.a|Any CPU.Build.0 = Release|x64
		{A3F1C2D4-5B6E-7890-ABCD-EF1234567890}.a|x64.ActiveCfg = Release|x64
		{A3F1C2D4-5B6E-7890-ABCD-EF1234567890}.a|x64.Build.0 = Release|x64
		{A3F1C2D4-5B6E-7890-ABCD-EF1234567890}.a|x86.ActiveCfg = a|Any CPU
		{A3F1C2D4-5B6E-7890-ABCD-EF1234567890}.a|x86.Build.0 = a|Any CPU
		{A3F1C2D4-5B6E-7890-ABCD-EF1234567890}.aaa|Any CPU.ActiveCfg = Release|x64
		{A3F1C2D4-5B6E-7890-ABCD-EF1234567890}.aaa|Any CPU.Build.0 = Release|x64
		{A3F1C2D4-5B6E-7890-ABCD-EF1234567890}.aaa|x64.ActiveCfg = Release|x64
		{A3F1C2D4-5B6E-7890-ABCD-EF1234567890}.aaa|x64.Build.0 = Release|x64
		{A3F1C2D4-5B6E-7890-ABCD-EF1234567890}.aaa|x86.ActiveCfg = aaa|Any CPU
		{A3F1C2D4-5B6E-7890-ABCD-EF1234567890}.aaa|x86.Build.0 = aaa|Any CPU
		{A3F1C2D4-5B6E-7890-ABCD-EF1234567890}.ah|Any CPU.ActiveCfg = Release|x64
		{A3F1C2D4-5B6E-7890-ABCD-EF1234567890}.ah|Any CPU.Build.0 = Release|x64
		{A3F1C2D4-5B6E-7890-ABCD-EF1234567890}.ah|x64.ActiveCfg = Release|x64
		{A3F1C2D4-5B6E-7890-ABCD-EF1234567890}.ah|x64.Build.0 = Release|x64
		{A3F1C2D4-5B6E-7890-ABCD-EF1234567890}.ah|x86.ActiveCfg = ah|Any CPU
		{A3F1C2D4-5B6E-7890-ABCD-EF1234567890}.ah|x86.Build.0 = ah|Any CPU
		{A3F1C2D4-5B6E-7890-ABCD-EF1234567890}.Debug|Any CPU.ActiveCfg = Debug|x64
		{A3F1C2D4-5B6E-7890-ABCD-EF1234567890}.Debug|Any CPU.Build.0 = Debug|x64
		{A3F1C2D4-5B6E-7890-ABCD-EF1234567890}.Debug|x64.ActiveCfg = Debug|x64
		{A3F1C2D4-5B6E-7890-ABCD-EF1234567890}.Debug|x64.Build.0 = Debug|x64
		{A3F1C2D4-5B6E-7890-ABCD-EF1234567890}.Debug|x86.ActiveCfg = Debug|Any CPU
		{A3F1C2D4-5B6E-7890-ABCD-EF1234567890}.Debug|x86.Build.0 = Debug|Any CPU
		{A3F1C2D4-5B6E-7890-ABCD-EF1234567890}.Release|Any CPU.ActiveCfg = Release|x64
		{A3F1C2D4-5B6E-7890-ABCD-EF1234567890}.Release|Any CPU.Build.0 = Release|x64
		{A3F1C2D4-5B6E-7890-ABCD-EF1234567890}.Release|x64.ActiveCfg = Release|x64
		{A3F1C2D4-5B6E-7890-ABCD-EF1234567890}.Release|x64.Build.0 = Release|x64
		{A3F1C2D4-5B6E-7890-ABCD-EF1234567890}.Release|x86.ActiveCfg = Release|Any CPU
		{A3F1C2D4-5B6E-7890-ABCD-EF1234567890}.Release|x86.Build.0 = Release|Any CPU
		{A3F1C2D4-5B6E-7890-ABCD-EF1234567890}.tak|Any CPU.ActiveCfg = Release|x64
		{A3F1C2D4-5B6E-7890-ABCD-EF1234567890}.tak|Any CPU.Build.0 = Release|x64
		{A3F1C2D4-5B6E-7890-ABCD-EF1234567890}.tak|x64.ActiveCfg = Release|x64
		{A3F1C2D4-5B6E-7890-ABCD-EF1234567890}.tak|x64.Build.0 = Release|x64
		{A3F1C2D4-5B6E-7890-ABCD-EF1234567890}.tak|x86.ActiveCfg = tak|Any CPU
		{A3F1C2D4-5B6E-7890-ABCD-EF1234567890}.tak|x86.Build.0 = tak|Any CPU
		{74D0988D-8A41-4FAB-AA02-F808EB8B08CD}.a|Any CPU.ActiveCfg = Release|x64
		{74D0988D-8A41-4FAB-AA02-F808EB8B08CD}.a|Any CPU.Build.0 = Release|x64
		{74D0988D-8A41-4FAB-AA02-F808EB8B08CD}.a|x64.ActiveCfg = Release|x64
		{74D0988D-8A41-4FAB-AA02-F808EB8B08CD}.a|x64.Build.0 = Release|x64
		{74D0988D-8A41-4FAB-AA02-F808EB8B08CD}.a|x86.ActiveCfg = a|Any CPU
		{74D0988D-8A41-4FAB-AA02-F808EB8B08CD}.a|x86.Build.0 = a|Any CPU
		{74D0988D-8A41-4FAB-AA02-F808EB8B08CD}.aaa|Any CPU.ActiveCfg = Release|x64
		{74D0988D-8A41-4FAB-AA02-F808EB8B08CD}.aaa|Any CPU.Build.0 = Release|x64
		{74D0988D-8A41-4FAB-AA02-F808EB8B08CD}.aaa|x64.ActiveCfg = Release|x64
		{74D0988D-8A41-4FAB-AA02-F808EB8B08CD}.aaa|x64.Build.0 = Release|x64
		{74D0988D-8A41-4FAB-AA02-F808EB8B08CD}.aaa|x86.ActiveCfg = aaa|Any CPU
		{74D0988D-8A41-4FAB-AA02-F808EB8B08CD}.aaa|x86.Build.0 = aaa|Any CPU
		{74D0988D-8A41-4FAB-AA02-F808EB8B08CD}.ah|Any CPU.ActiveCfg = Release|x64
		{74D0988D-8A41-4FAB-AA02-F808EB8B08CD}.ah|Any CPU.Build.0 = Release|x64
		{74D0988D-8A41-4FAB-AA02-F808EB8B08CD}.ah|x64.ActiveCfg = Release|x64
		{74D0988D-8A41-4FAB-AA02-F808EB8B08CD}.ah|x64.Build.0 = Release|x64
		{74D0988D-8A41-4FAB-AA02-F808EB8B08CD}.ah|x86.ActiveCfg = ah|Any CPU
		{74D0988D-8A41-4FAB-AA02-F808EB8B08CD}.ah|x86.Build.0 = ah|Any CPU
		{74D0988D-8A41-4FAB-AA02-F808EB8B08CD}.Debug|Any CPU.ActiveCfg = Debug|x64
		{74D0988D-8A41-4FAB-AA02-F808EB8B08CD}.Debug|Any CPU.Build.0 = Debug|x64
		{74D0988D-8A41-4FAB-AA02-F808EB8B08CD}.Debug|x64.ActiveCfg = Debug|x64
		{74D0988D-8A41-4FAB-AA02-F808EB8B08CD}.Debug|x64.Build.0 = Debug|x64
		{74D0988D-8A41-4FAB-AA02-F808EB8B08CD}.Debug|x86.ActiveCfg = Debug|Any CPU
		{74D0988D-8A41-4FAB-AA02-F808EB8B08CD}.Debug|x86.Build.0 = Debug|Any CPU
		{74D0988D-8A41-4FAB-AA02-F808EB8B08CD}.Release|Any CPU.ActiveCfg = Release|x64
		{74D0988D-8A41-4FAB-AA02-F808EB8B08CD}.Release|Any CPU.Build.0 = Release|x64
		{74D0988D-8A41-4FAB-AA02-F808EB8B08CD}.Release|x64.ActiveCfg = Release|x64
		{74D0988D-8A41-4FAB-AA02-F808EB8B08CD}.Release|x64.Build.0 = Release|x64
		{74D0988D-8A41-4FAB-AA02-F808EB8B08CD}.Release|x86.ActiveCfg = Release|Any CPU
		{74D0988D-8A41-4FAB-AA02-F808EB8B08CD}.Release|x86.Build.0 = Release|Any CPU
		{74D0988D-8A41-4FAB-AA02-F808EB8B08CD}.tak|Any CPU.ActiveCfg = Release|x64
		{74D0988D-8A41-4FAB-AA02-F808EB8B08CD}.tak|Any CPU.Build.0 = Release|x64
		{74D0988D-8A41-4FAB-AA02-F808EB8B08CD}.tak|x64.ActiveCfg = Release|x64
		{74D0988D-8A41-4FAB-AA02-F808EB8B08CD}.tak|x64.Build.0 = Release|x64
		{74D0988D-8A41-4FAB-AA02-F808EB8B08CD}.tak|x86.ActiveCfg = tak|Any CPU
		{74D0988D-8A41-4FAB-AA02-F808EB8B08CD}.tak|x86.Build.0 = tak|Any CPU
		{FF903985-2BD6-4B37-8D15-EB4898C4FC6C}.a|Any CPU.ActiveCfg = Release|x64
		{FF903985-2BD6-4B37-8D15-EB4898C4FC6C}.a|Any CPU.Build.0 = Release|x64
		{FF903985-2BD6-4B37-8D15-EB4898C4FC6C}.a|x64.ActiveCfg = Release|x64
		{FF903985-2BD6-4B37-8D15-EB4898C4FC6C}.a|x64.Build.0 = Release|x64
		{FF903985-2BD6-4B37-8D15-EB4898C4FC6C}.a|x86.ActiveCfg = a|Any CPU
		{FF903985-2BD6-4B37-8D15-EB4898C4FC6C}.a|x86.Build.0 = a|Any CPU
		{FF903985-2BD6-4B37-8D15-EB4898C4FC6C}.aaa|Any CPU.ActiveCfg = Release|x64
		{FF903985-2BD6-4B37-8D15-EB4898C4FC6C}.aaa|Any CPU.Build.0 = Release|x64
		{FF903985-2BD6-4B37-8D15-EB4898C4FC6C}.aaa|x64.ActiveCfg = Release|x64
		{FF903985-2BD6-4B37-8D15-EB4898C4FC6C}.aaa|x64.Build.0 = Release|x64
		{FF903985-2BD6-4B37-8D15-EB4898C4FC6C}.aaa|x86.ActiveCfg = aaa|Any CPU
		{FF903985-2BD6-4B37-8D15-EB4898C4FC6C}.aaa|x86.Build.0 = aaa|Any CPU
		{FF903985-2BD6-4B37-8D15-EB4898C4FC6C}.ah|Any CPU.ActiveCfg = Release|x64
		{FF903985-2BD6-4B37-8D15-EB4898C4FC6C}.ah|Any CPU.Build.0 = Release|x64
		{FF903985-2BD6-4B37-8D15-EB4898C4FC6C}.ah|x64.ActiveCfg = Release|x64
		{FF903985-2BD6-4B37-8D15-EB4898C4FC6C}.ah|x64.Build.0 = Release|x64
		{FF903985-2BD6-4B37-8D15-EB4898C4FC6C}.ah|x86.ActiveCfg = ah|Any CPU
		{FF903985-2BD6-4B37-8D15-EB4898C4FC6C}.ah|x86.Build.0 = ah|Any CPU
		{FF903985-2BD6-4B37-8D15-EB4898C4FC6C}.Debug|Any CPU.ActiveCfg = Debug|x64
		{FF903985-2BD6-4B37-8D15-EB4898C4FC6C}.Debug|Any CPU.Build.0 = Debug|x64
		{FF903985-2BD6-4B37-8D15-EB4898C4FC6C}.Debug|x64.ActiveCfg = Debug|x64
		{FF903985-2BD6-4B37-8D15-EB4898C4FC6C}.Debug|x64.Build.0 = Debug|x64
		{FF903985-2BD6-4B37-8D15-EB4898C4FC6C}.Debug|x86.ActiveCfg = Debug|Any CPU
		{FF903985-2BD6-4B37-8D15-EB4898C4FC6C}.Debug|x86.Build.0 = Debug|Any CPU
		{FF903985-2BD6-4B37-8D15-EB4898C4FC6C}.Release|Any CPU.ActiveCfg = Release|x64
		{FF903985-2BD6-4B37-8D15-EB4898C4FC6C}.Release|Any CPU.Build.0 = Release|x64
		{FF903985-2BD6-4B37-8D15-EB4898C4FC6C}.Release|x64.ActiveCfg = Release|x64
		{FF903985-2BD6-4B37-8D15-EB4898C4FC6C}.Release|x64.Build.0 = Release|x64
		{FF903985-2BD6-4B37-8D15-EB4898C4FC6C}.Release|x86.ActiveCfg = Release|Any CPU
		{FF903985-2BD6-4B37-8D15-EB4898C4FC6C}.Release|x86.Build.0 = Release|Any CPU
		{FF903985-2BD6-4B37-8D15-EB4898C4FC6C}.tak|Any CPU.ActiveCfg = Release|x64
		{FF903985-2BD6-4B37-8D15-EB4898C4FC6C}.tak|Any CPU.Build.0 = Release|x64
		{FF903985-2BD6-4B37-8D15-EB4898C4FC6C}.tak|x64.ActiveCfg = Release|x64
		{FF903985-2BD6-4B37-8D15-EB4898C4FC6C}.tak|x64.Build.0 = Release|x64
		{FF903985-2BD6-4B37-8D15-EB4898C4FC6C}.tak|x86.ActiveCfg = tak|Any CPU
		{FF903985-2BD6-4B37-8D15-EB4898C4FC6C}.tak|x86.Build.0 = tak|Any CPU
		{1076A320-4649-4272-B9B7-EB10875BC6B2}.a|Any CPU.ActiveCfg = Release|x64
		{1076A320-4649-4272-B9B7-EB10875BC6B2}.a|Any CPU.Build.0 = Release|x64
		{1076A320-4649-4272-B9B7-EB10875BC6B2}.a|x64.ActiveCfg = Release|x64
		{1076A320-4649-4272-B9B7-EB10875BC6B2}.a|x64.Build.0 = Release|x64
		{1076A320-4649-4272-B9B7-EB10875BC6B2}.a|x86.ActiveCfg = a|Any CPU
		{1076A320-4649-4272-B9B7-EB10875BC6B2}.a|x86.Build.0 = a|Any CPU
		{1076A320-4649-4272-B9B7-EB10875BC6B2}.aaa|Any CPU.ActiveCfg = Release|x64
		{1076A320-4649-4272-B9B7-EB10875BC6B2}.aaa|Any CPU.Build.0 = Release|x64
		{1076A320-4649-4272-B9B7-EB10875BC6B2}.aaa|x64.ActiveCfg = Release|x64
		{1076A320-4649-4272-B9B7-EB10875BC6B2}.aaa|x64.Build.0 = Release|x64
		{1076A320-4649-4272-B9B7-EB10875BC6B2}.aaa|x86.ActiveCfg = aaa|Any CPU
		{1076A320-4649-4272-B9B7-EB10875BC6B2}.aaa|x86.Build.0 = aaa|Any CPU
		{1076A320-4649-4272-B9B7-EB10875BC6B2}.ah|Any CPU.ActiveCfg = Release|x64
		{1076A320-4649-4272-B9B7-EB10875BC6B2}.ah|Any CPU.Build.0 = Release|x64
		{1076A320-4649-4272-B9B7-EB10875BC6B2}.ah|x64.ActiveCfg = Release|x64
		{1076A320-4649-4272-B9B7-EB10875BC6B2}.ah|x64.Build.0 = Release|x64
		{1076A320-4649-4272-B9B7-EB10875BC6B2}.ah|x86.ActiveCfg = ah|Any CPU
		{1076A320-4649-4272-B9B7-EB10875BC6B2}.ah|x86.Build.0 = ah|Any CPU
		{1076A320-4649-4272-B9B7-EB10875BC6B2}.Debug|Any CPU.ActiveCfg = Debug|x64
		{1076A320-4649-4272-B9B7-EB10875BC6B2}.Debug|Any CPU.Build.0 = Debug|x64
		{1076A320-4649-4272-B9B7-EB10875BC6B2}.Debug|x64.ActiveCfg = Debug|x64
		{1076A320-4649-4272-B9B7-EB10875BC6B2}.Debug|x64.Build.0 = Debug|x64
		{1076A320-4649-4272-B9B7-EB10875BC6B2}.Debug|x86.ActiveCfg = Debug|Any CPU
		{1076A320-4649-4272-B9B7-EB10875BC6B2}.Debug|x86.Build.0 = Debug|Any CPU
		{1076A320-4649-4272-B9B7-EB10875BC6B2}.Release|Any CPU.ActiveCfg = Release|x64
		{1076A320-4649-4272-B9B7-EB10875BC6B2}.Release|Any CPU.Build.0 = Release|x64
		{1076A320-4649-4272-B9B7-EB10875BC6B2}.Release|x64.ActiveCfg = Release|x64
		{1076A320-4649-4272-B9B7-EB10875BC6B2}.Release|x64.Build.0 = Release|x64
		{1076A320-4649-4272-B9B7-EB10875BC6B2}.Release|x86.ActiveCfg = Release|Any CPU
		{1076A320-4649-4272-B9B7-EB10875BC6B2}.Release|x86.Build.0 = Release|Any CPU
		{1076A320-4649-4272-B9B7-EB10875BC6B2}.tak|Any CPU.ActiveCfg = Release|x64
		{1076A320-4649-4272-B9B7-EB10875BC6B2}.tak|Any CPU.Build.0 = Release|x64
		{1076A320-4649-4272-B9B7-EB10875BC6B2}.tak|x64.ActiveCfg = Release|x64
		{1076A320-4649-4272-B9B7-EB10875BC6B2}.tak|x64.Build.0 = Release|x64
		{1076A320-4649-4272-B9B7-EB10875BC6B2}.tak|x86.ActiveCfg = tak|Any CPU
		{1076A320-4649-4272-B9B7-EB10875BC6B2}.tak|x86.Build.0 = tak|Any CPU
		{5EDC973C-000A-475F-AD9A-41045E31AC88}.a|Any CPU.ActiveCfg = Release|Any CPU
		{5EDC973C-000A-475F-AD9A-41045E31AC88}.a|Any CPU.Build.0 = Release|Any CPU
		{5EDC973C-000A-475F-AD9A-41045E31AC88}.a|x64.ActiveCfg = Release|x64
		{5EDC973C-000A-475F-AD9A-41045E31AC88}.a|x64.Build.0 = Release|x64
		{5EDC973C-000A-475F-AD9A-41045E31AC88}.a|x86.ActiveCfg = a|Any CPU
		{5EDC973C-000A-475F-AD9A-41045E31AC88}.a|x86.Build.0 = a|Any CPU
		{5EDC973C-000A-475F-AD9A-41045E31AC88}.aaa|Any CPU.ActiveCfg = Release|Any CPU
		{5EDC973C-000A-475F-AD9A-41045E31AC88}.aaa|Any CPU.Build.0 = Release|Any CPU
		{5EDC973C-000A-475F-AD9A-41045E31AC88}.aaa|x64.ActiveCfg = tak|x64
		{5EDC973C-000A-475F-AD9A-41045E31AC88}.aaa|x64.Build.0 = tak|x64
		{5EDC973C-000A-475F-AD9A-41045E31AC88}.aaa|x86.ActiveCfg = aaa|Any CPU
		{5EDC973C-000A-475F-AD9A-41045E31AC88}.aaa|x86.Build.0 = aaa|Any CPU
		{5EDC973C-000A-475F-AD9A-41045E31AC88}.ah|Any CPU.ActiveCfg = Release|Any CPU
		{5EDC973C-000A-475F-AD9A-41045E31AC88}.ah|Any CPU.Build.0 = Release|Any CPU
		{5EDC973C-000A-475F-AD9A-41045E31AC88}.ah|x64.ActiveCfg = tak|x64
		{5EDC973C-000A-475F-AD9A-41045E31AC88}.ah|x64.Build.0 = tak|x64
		{5EDC973C-000A-475F-AD9A-41045E31AC88}.ah|x86.ActiveCfg = ah|Any CPU
		{5EDC973C-000A-475F-AD9A-41045E31AC88}.ah|x86.Build.0 = ah|Any CPU
		{5EDC973C-000A-475F-AD9A-41045E31AC88}.Debug|Any CPU.ActiveCfg = Debug|x64
		{5EDC973C-000A-475F-AD9A-41045E31AC88}.Debug|Any CPU.Build.0 = Debug|x64
		{5EDC973C-000A-475F-AD9A-41045E31AC88}.Debug|x64.ActiveCfg = Debug|Any CPU
		{5EDC973C-000A-475F-AD9A-41045E31AC88}.Debug|x64.Build.0 = Debug|Any CPU
		{5EDC973C-000A-475F-AD9A-41045E31AC88}.Debug|x86.ActiveCfg = Debug|Any CPU
		{5EDC973C-000A-475F-AD9A-41045E31AC88}.Debug|x86.Build.0 = Debug|Any CPU
		{5EDC973C-000A-475F-AD9A-41045E31AC88}.Release|Any CPU.ActiveCfg = Release|x64
		{5EDC973C-000A-475F-AD9A-41045E31AC88}.Release|Any CPU.Build.0 = Release|x64
		{5EDC973C-000A-475F-AD9A-41045E31AC88}.Release|x64.ActiveCfg = Release|Any CPU
		{5EDC973C-000A-475F-AD9A-41045E31AC88}.Release|x64.Build.0 = Release|Any CPU
		{5EDC973C-000A-475F-AD9A-41045E31AC88}.Release|x86.ActiveCfg = Release|Any CPU
		{5EDC973C-000A-475F-AD9A-41045E31AC88}.Release|x86.Build.0 = Release|Any CPU
		{5EDC973C-000A-475F-AD9A-41045E31AC88}.tak|Any CPU.ActiveCfg = tak|x64
		{5EDC973C-000A-475F-AD9A-41045E31AC88}.tak|Any CPU.Build.0 = tak|x64
		{5EDC973C-000A-475F-AD9A-41045E31AC88}.tak|x64.ActiveCfg = tak|x64
		{5EDC973C-000A-475F-AD9A-41045E31AC88}.tak|x64.Build.0 = tak|x64
		{5EDC973C-000A-475F-AD9A-41045E31AC88}.tak|x86.ActiveCfg = tak|Any CPU
		{5EDC973C-000A-475F-AD9A-41045E31AC88}.tak|x86.Build.0 = tak|Any CPU
		{25646E57-0449-44C6-AE51-2412AEE5E876}.a|Any CPU.ActiveCfg = Release|x64
		{25646E57-0449-44C6-AE51-2412AEE5E876}.a|Any CPU.Build.0 = Release|x64
		{25646E57-0449-44C6-AE51-2412AEE5E876}.a|x64.ActiveCfg = Release|x64
		{25646E57-0449-44C6-AE51-2412AEE5E876}.a|x64.Build.0 = Release|x64
		{25646E57-0449-44C6-AE51-2412AEE5E876}.a|x86.ActiveCfg = a|Any CPU
		{25646E57-0449-44C6-AE51-2412AEE5E876}.a|x86.Build.0 = a|Any CPU
		{25646E57-0449-44C6-AE51-2412AEE5E876}.aaa|Any CPU.ActiveCfg = Release|x64
		{25646E57-0449-44C6-AE51-2412AEE5E876}.aaa|Any CPU.Build.0 = Release|x64
		{25646E57-0449-44C6-AE51-2412AEE5E876}.aaa|x64.ActiveCfg = Release|x64
		{25646E57-0449-44C6-AE51-2412AEE5E876}.aaa|x64.Build.0 = Release|x64
		{25646E57-0449-44C6-AE51-2412AEE5E876}.aaa|x86.ActiveCfg = aaa|Any CPU
		{25646E57-0449-44C6-AE51-2412AEE5E876}.aaa|x86.Build.0 = aaa|Any CPU
		{25646E57-0449-44C6-AE51-2412AEE5E876}.ah|Any CPU.ActiveCfg = Release|x64
		{25646E57-0449-44C6-AE51-2412AEE5E876}.ah|Any CPU.Build.0 = Release|x64
		{25646E57-0449-44C6-AE51-2412AEE5E876}.ah|x64.ActiveCfg = Release|x64
		{25646E57-0449-44C6-AE51-2412AEE5E876}.ah|x64.Build.0 = Release|x64
		{25646E57-0449-44C6-AE51-2412AEE5E876}.ah|x86.ActiveCfg = ah|Any CPU
		{25646E57-0449-44C6-AE51-2412AEE5E876}.ah|x86.Build.0 = ah|Any CPU
		{25646E57-0449-44C6-AE51-2412AEE5E876}.Debug|Any CPU.ActiveCfg = Debug|x64
		{25646E57-0449-44C6-AE51-2412AEE5E876}.Debug|Any CPU.Build.0 = Debug|x64
		{25646E57-0449-44C6-AE51-2412AEE5E876}.Debug|x64.ActiveCfg = Debug|x64
		{25646E57-0449-44C6-AE51-2412AEE5E876}.Debug|x64.Build.0 = Debug|x64
		{25646E57-0449-44C6-AE51-2412AEE5E876}.Debug|x86.ActiveCfg = Debug|Any CPU
		{25646E57-0449-44C6-AE51-2412AEE5E876}.Debug|x86.Build.0 = Debug|Any CPU
		{25646E57-0449-44C6-AE51-2412AEE5E876}.Release|Any CPU.ActiveCfg = Release|x64
		{25646E57-0449-44C6-AE51-2412AEE5E876}.Release|Any CPU.Build.0 = Release|x64
		{25646E57-0449-44C6-AE51-2412AEE5E876}.Release|x64.ActiveCfg = Release|x64
		{25646E57-0449-44C6-AE51-2412AEE5E876}.Release|x64.Build.0 = Release|x64
		{25646E57-0449-44C6-AE51-2412AEE5E876}.Release|x86.ActiveCfg = Release|Any CPU
		{25646E57-0449-44C6-AE51-2412AEE5E876}.Release|x86.Build.0 = Release|Any CPU
		{25646E57-0449-44C6-AE51-2412AEE5E876}.tak|Any CPU.ActiveCfg = Release|x64
		{25646E57-0449-44C6-AE51-2412AEE5E876}.tak|Any CPU.Build.0 = Release|x64
		{25646E57-0449-44C6-AE51-2412AEE5E876}.tak|x64.ActiveCfg = Release|x64
		{25646E57-0449-44C6-AE51-2412AEE5E876}.tak|x64.Build.0 = Release|x64
		{25646E57-0449-44C6-AE51-2412AEE5E876}.tak|x86.ActiveCfg = tak|Any CPU
		{25646E57-0449-44C6-AE51-2412AEE5E876}.tak|x86.Build.0 = tak|Any CPU
		{394FAFD1-8054-4AF9-8754-7AA84767F6F6}.a|Any CPU.ActiveCfg = Release|x64
		{394FAFD1-8054-4AF9-8754-7AA84767F6F6}.a|Any CPU.Build.0 = Release|x64
		{394FAFD1-8054-4AF9-8754-7AA84767F6F6}.a|x64.ActiveCfg = Release|x64
		{394FAFD1-8054-4AF9-8754-7AA84767F6F6}.a|x64.Build.0 = Release|x64
		{394FAFD1-8054-4AF9-8754-7AA84767F6F6}.a|x86.ActiveCfg = a|Any CPU
		{394FAFD1-8054-4AF9-8754-7AA84767F6F6}.a|x86.Build.0 = a|Any CPU
		{394FAFD1-8054-4AF9-8754-7AA84767F6F6}.aaa|Any CPU.ActiveCfg = Release|x64
		{394FAFD1-8054-4AF9-8754-7AA84767F6F6}.aaa|Any CPU.Build.0 = Release|x64
		{394FAFD1-8054-4AF9-8754-7AA84767F6F6}.aaa|x64.ActiveCfg = Release|x64
		{394FAFD1-8054-4AF9-8754-7AA84767F6F6}.aaa|x64.Build.0 = Release|x64
		{394FAFD1-8054-4AF9-8754-7AA84767F6F6}.aaa|x86.ActiveCfg = aaa|Any CPU
		{394FAFD1-8054-4AF9-8754-7AA84767F6F6}.aaa|x86.Build.0 = aaa|Any CPU
		{394FAFD1-8054-4AF9-8754-7AA84767F6F6}.ah|Any CPU.ActiveCfg = Release|x64
		{394FAFD1-8054-4AF9-8754-7AA84767F6F6}.ah|Any CPU.Build.0 = Release|x64
		{394FAFD1-8054-4AF9-8754-7AA84767F6F6}.ah|x64.ActiveCfg = Release|x64
		{394FAFD1-8054-4AF9-8754-7AA84767F6F6}.ah|x64.Build.0 = Release|x64
		{394FAFD1-8054-4AF9-8754-7AA84767F6F6}.ah|x86.ActiveCfg = ah|Any CPU
		{394FAFD1-8054-4AF9-8754-7AA84767F6F6}.ah|x86.Build.0 = ah|Any CPU
		{394FAFD1-8054-4AF9-8754-7AA84767F6F6}.Debug|Any CPU.ActiveCfg = Debug|x64
		{394FAFD1-8054-4AF9-8754-7AA84767F6F6}.Debug|Any CPU.Build.0 = Debug|x64
		{394FAFD1-8054-4AF9-8754-7AA84767F6F6}.Debug|x64.ActiveCfg = Debug|x64
		{394FAFD1-8054-4AF9-8754-7AA84767F6F6}.Debug|x64.Build.0 = Debug|x64
		{394FAFD1-8054-4AF9-8754-7AA84767F6F6}.Debug|x86.ActiveCfg = Debug|Any CPU
		{394FAFD1-8054-4AF9-8754-7AA84767F6F6}.Debug|x86.Build.0 = Debug|Any CPU
		{394FAFD1-8054-4AF9-8754-7AA84767F6F6}.Release|Any CPU.ActiveCfg = Release|x64
		{394FAFD1-8054-4AF9-8754-7AA84767F6F6}.Release|Any CPU.Build.0 = Release|x64
		{394FAFD1-8054-4AF9-8754-7AA84767F6F6}.Release|x64.ActiveCfg = Release|x64
		{394FAFD1-8054-4AF9-8754-7AA84767F6F6}.Release|x64.Build.0 = Release|x64
		{394FAFD1-8054-4AF9-8754-7AA84767F6F6}.Release|x86.ActiveCfg = Release|Any CPU
		{394FAFD1-8054-4AF9-8754-7AA84767F6F6}.Release|x86.Build.0 = Release|Any CPU
		{394FAFD1-8054-4AF9-8754-7AA84767F6F6}.tak|Any CPU.ActiveCfg = Release|x64
		{394FAFD1-8054-4AF9-8754-7AA84767F6F6}.tak|Any CPU.Build.0 = Release|x64
		{394FAFD1-8054-4AF9-8754-7AA84767F6F6}.tak|x64.ActiveCfg = Release|x64
		{394FAFD1-8054-4AF9-8754-7AA84767F6F6}.tak|x64.Build.0 = Release|x64
		{394FAFD1-8054-4AF9-8754-7AA84767F6F6}.tak|x86.ActiveCfg = tak|Any CPU
		{394FAFD1-8054-4AF9-8754-7AA84767F6F6}.tak|x86.Build.0 = tak|Any CPU
		{C6E98F5A-8A8E-4B1E-9E4F-5E820D6B7C31}.a|Any CPU.ActiveCfg = Debug|x64
		{C6E98F5A-8A8E-4B1E-9E4F-5E820D6B7C31}.a|Any CPU.Build.0 = Debug|x64
		{C6E98F5A-8A8E-4B1E-9E4F-5E820D6B7C31}.a|x64.ActiveCfg = Debug|x64
		{C6E98F5A-8A8E-4B1E-9E4F-5E820D6B7C31}.a|x64.Build.0 = Debug|x64
		{C6E98F5A-8A8E-4B1E-9E4F-5E820D6B7C31}.a|x86.ActiveCfg = a|Any CPU
		{C6E98F5A-8A8E-4B1E-9E4F-5E820D6B7C31}.a|x86.Build.0 = a|Any CPU
		{C6E98F5A-8A8E-4B1E-9E4F-5E820D6B7C31}.aaa|Any CPU.ActiveCfg = Debug|x64
		{C6E98F5A-8A8E-4B1E-9E4F-5E820D6B7C31}.aaa|Any CPU.Build.0 = Debug|x64
		{C6E98F5A-8A8E-4B1E-9E4F-5E820D6B7C31}.aaa|x64.ActiveCfg = Debug|x64
		{C6E98F5A-8A8E-4B1E-9E4F-5E820D6B7C31}.aaa|x64.Build.0 = Debug|x64
		{C6E98F5A-8A8E-4B1E-9E4F-5E820D6B7C31}.aaa|x86.ActiveCfg = aaa|Any CPU
		{C6E98F5A-8A8E-4B1E-9E4F-5E820D6B7C31}.aaa|x86.Build.0 = aaa|Any CPU
		{C6E98F5A-8A8E-4B1E-9E4F-5E820D6B7C31}.ah|Any CPU.ActiveCfg = Debug|x64
		{C6E98F5A-8A8E-4B1E-9E4F-5E820D6B7C31}.ah|Any CPU.Build.0 = Debug|x64
		{C6E98F5A-8A8E-4B1E-9E4F-5E820D6B7C31}.ah|x64.ActiveCfg = Debug|x64
		{C6E98F5A-8A8E-4B1E-9E4F-5E820D6B7C31}.ah|x64.Build.0 = Debug|x64
		{C6E98F5A-8A8E-4B1E-9E4F-5E820D6B7C31}.ah|x86.ActiveCfg = ah|Any CPU
		{C6E98F5A-8A8E-4B1E-9E4F-5E820D6B7C31}.ah|x86.Build.0 = ah|Any CPU
		{C6E98F5A-8A8E-4B1E-9E4F-5E820D6B7C31}.Debug|Any CPU.ActiveCfg = Debug|x64
		{C6E98F5A-8A8E-4B1E-9E4F-5E820D6B7C31}.Debug|Any CPU.Build.0 = Debug|x64
		{C6E98F5A-8A8E-4B1E-9E4F-5E820D6B7C31}.Debug|x64.ActiveCfg = Debug|x64
		{C6E98F5A-8A8E-4B1E-9E4F-5E820D6B7C31}.Debug|x64.Build.0 = Debug|x64
		{C6E98F5A-8A8E-4B1E-9E4F-5E820D6B7C31}.Debug|x86.ActiveCfg = Debug|Any CPU
		{C6E98F5A-8A8E-4B1E-9E4F-5E820D6B7C31}.Debug|x86.Build.0 = Debug|Any CPU
		{C6E98F5A-8A8E-4B1E-9E4F-5E820D6B7C31}.Release|Any CPU.ActiveCfg = Release|x64
		{C6E98F5A-8A8E-4B1E-9E4F-5E820D6B7C31}.Release|Any CPU.Build.0 = Release|x64
		{C6E98F5A-8A8E-4B1E-9E4F-5E820D6B7C31}.Release|x64.ActiveCfg = Release|x64
		{C6E98F5A-8A8E-4B1E-9E4F-5E820D6B7C31}.Release|x64.Build.0 = Release|x64
		{C6E98F5A-8A8E-4B1E-9E4F-5E820D6B7C31}.Release|x86.ActiveCfg = Release|Any CPU
		{C6E98F5A-8A8E-4B1E-9E4F-5E820D6B7C31}.Release|x86.Build.0 = Release|Any CPU
		{C6E98F5A-8A8E-4B1E-9E4F-5E820D6B7C31}.tak|Any CPU.ActiveCfg = Debug|x64
		{C6E98F5A-8A8E-4B1E-9E4F-5E820D6B7C31}.tak|Any CPU.Build.0 = Debug|x64
		{C6E98F5A-8A8E-4B1E-9E4F-5E820D6B7C31}.tak|x64.ActiveCfg = Debug|x64
		{C6E98F5A-8A8E-4B1E-9E4F-5E820D6B7C31}.tak|x64.Build.0 = Debug|x64
		{C6E98F5A-8A8E-4B1E-9E4F-5E820D6B7C31}.tak|x86.ActiveCfg = tak|Any CPU
		{C6E98F5A-8A8E-4B1E-9E4F-5E820D6B7C31}.tak|x86.Build.0 = tak|Any CPU
		{F2DB53B4-7170-A2FE-1DC8-AF3C15FC5076}.a|Any CPU.ActiveCfg = Debug|x64
		{F2DB53B4-7170-A2FE-1DC8-AF3C15FC5076}.a|Any CPU.Build.0 = Debug|x64
		{F2DB53B4-7170-A2FE-1DC8-AF3C15FC5076}.a|x64.ActiveCfg = Debug|x64
		{F2DB53B4-7170-A2FE-1DC8-AF3C15FC5076}.a|x64.Build.0 = Debug|x64
		{F2DB53B4-7170-A2FE-1DC8-AF3C15FC5076}.a|x86.ActiveCfg = a|Any CPU
		{F2DB53B4-7170-A2FE-1DC8-AF3C15FC5076}.a|x86.Build.0 = a|Any CPU
		{F2DB53B4-7170-A2FE-1DC8-AF3C15FC5076}.aaa|Any CPU.ActiveCfg = Debug|x64
		{F2DB53B4-7170-A2FE-1DC8-AF3C15FC5076}.aaa|Any CPU.Build.0 = Debug|x64
		{F2DB53B4-7170-A2FE-1DC8-AF3C15FC5076}.aaa|x64.ActiveCfg = Debug|x64
		{F2DB53B4-7170-A2FE-1DC8-AF3C15FC5076}.aaa|x64.Build.0 = Debug|x64
		{F2DB53B4-7170-A2FE-1DC8-AF3C15FC5076}.aaa|x86.ActiveCfg = aaa|Any CPU
		{F2DB53B4-7170-A2FE-1DC8-AF3C15FC5076}.aaa|x86.Build.0 = aaa|Any CPU
		{F2DB53B4-7170-A2FE-1DC8-AF3C15FC5076}.ah|Any CPU.ActiveCfg = Debug|x64
		{F2DB53B4-7170-A2FE-1DC8-AF3C15FC5076}.ah|Any CPU.Build.0 = Debug|x64
		{F2DB53B4-7170-A2FE-1DC8-AF3C15FC5076}.ah|x64.ActiveCfg = Debug|x64
		{F2DB53B4-7170-A2FE-1DC8-AF3C15FC5076}.ah|x64.Build.0 = Debug|x64
		{F2DB53B4-7170-A2FE-1DC8-AF3C15FC5076}.ah|x86.ActiveCfg = ah|Any CPU
		{F2DB53B4-7170-A2FE-1DC8-AF3C15FC5076}.ah|x86.Build.0 = ah|Any CPU
		{F2DB53B4-7170-A2FE-1DC8-AF3C15FC5076}.Debug|Any CPU.ActiveCfg = Debug|x64
		{F2DB53B4-7170-A2FE-1DC8-AF3C15FC5076}.Debug|Any CPU.Build.0 = Debug|x64
		{F2DB53B4-7170-A2FE-1DC8-AF3C15FC5076}.Debug|x64.ActiveCfg = Debug|x64
		{F2DB53B4-7170-A2FE-1DC8-AF3C15FC5076}.Debug|x64.Build.0 = Debug|x64
		{F2DB53B4-7170-A2FE-1DC8-AF3C15FC5076}.Debug|x86.ActiveCfg = Debug|Any CPU
		{F2DB53B4-7170-A2FE-1DC8-AF3C15FC5076}.Debug|x86.Build.0 = Debug|Any CPU
		{F2DB53B4-7170-A2FE-1DC8-AF3C15FC5076}.Release|Any CPU.ActiveCfg = Release|x64
		{F2DB53B4-7170-A2FE-1DC8-AF3C15FC5076}.Release|Any CPU.Build.0 = Release|x64
		{F2DB53B4-7170-A2FE-1DC8-AF3C15FC5076}.Release|x64.ActiveCfg = Release|x64
		{F2DB53B4-7170-A2FE-1DC8-AF3C15FC5076}.Release|x64.Build.0 = Release|x64
		{F2DB53B4-7170-A2FE-1DC8-AF3C15FC5076}.Release|x86.ActiveCfg = Release|Any CPU
		{F2DB53B4-7170-A2FE-1DC8-AF3C15FC5076}.Release|x86.Build.0 = Release|Any CPU
		{F2DB53B4-7170-A2FE-1DC8-AF3C15FC5076}.tak|Any CPU.ActiveCfg = Debug|x64
		{F2DB53B4-7170-A2FE-1DC8-AF3C15FC5076}.tak|Any CPU.Build.0 = Debug|x64
		{F2DB53B4-7170-A2FE-1DC8-AF3C15FC5076}.tak|x64.ActiveCfg = Debug|x64
		{F2DB53B4-7170-A2FE-1DC8-AF3C15FC5076}.tak|x64.Build.0 = Debug|x64
		{F2DB53B4-7170-A2FE-1DC8-AF3C15FC5076}.tak|x86.ActiveCfg = tak|Any CPU
		{F2DB53B4-7170-A2FE-1DC8-AF3C15FC5076}.tak|x86.Build.0 = tak|Any CPU
		{7B4A5F1C-6F1A-4D33-95F1-0A0B3E1FD3A9}.a|Any CPU.ActiveCfg = Debug|x64
		{7B4A5F1C-6F1A-4D33-95F1-0A0B3E1FD3A9}.a|Any CPU.Build.0 = Debug|x64
		{7B4A5F1C-6F1A-4D33-95F1-0A0B3E1FD3A9}.a|x64.ActiveCfg = Debug|x64
		{7B4A5F1C-6F1A-4D33-95F1-0A0B3E1FD3A9}.a|x64.Build.0 = Debug|x64
		{7B4A5F1C-6F1A-4D33-95F1-0A0B3E1FD3A9}.a|x86.ActiveCfg = a|Any CPU
		{7B4A5F1C-6F1A-4D33-95F1-0A0B3E1FD3A9}.a|x86.Build.0 = a|Any CPU
		{7B4A5F1C-6F1A-4D33-95F1-0A0B3E1FD3A9}.aaa|Any CPU.ActiveCfg = Debug|x64
		{7B4A5F1C-6F1A-4D33-95F1-0A0B3E1FD3A9}.aaa|Any CPU.Build.0 = Debug|x64
		{7B4A5F1C-6F1A-4D33-95F1-0A0B3E1FD3A9}.aaa|x64.ActiveCfg = Debug|x64
		{7B4A5F1C-6F1A-4D33-95F1-0A0B3E1FD3A9}.aaa|x64.Build.0 = Debug|x64
		{7B4A5F1C-6F1A-4D33-95F1-0A0B3E1FD3A9}.aaa|x86.ActiveCfg = aaa|Any CPU
		{7B4A5F1C-6F1A-4D33-95F1-0A0B3E1FD3A9}.aaa|x86.Build.0 = aaa|Any CPU
		{7B4A5F1C-6F1A-4D33-95F1-0A0B3E1FD3A9}.ah|Any CPU.ActiveCfg = Debug|x64
		{7B4A5F1C-6F1A-4D33-95F1-0A0B3E1FD3A9}.ah|Any CPU.Build.0 = Debug|x64
		{7B4A5F1C-6F1A-4D33-95F1-0A0B3E1FD3A9}.ah|x64.ActiveCfg = Debug|x64
		{7B4A5F1C-6F1A-4D33-95F1-0A0B3E1FD3A9}.ah|x64.Build.0 = Debug|x64
		{7B4A5F1C-6F1A-4D33-95F1-0A0B3E1FD3A9}.ah|x86.ActiveCfg = ah|Any CPU
		{7B4A5F1C-6F1A-4D33-95F1-0A0B3E1FD3A9}.ah|x86.Build.0 = ah|Any CPU
		{7B4A5F1C-6F1A-4D33-95F1-0A0B3E1FD3A9}.Debug|Any CPU.ActiveCfg = Debug|x64
		{7B4A5F1C-6F1A-4D33-95F1-0A0B3E1FD3A9}.Debug|Any CPU.Build.0 = Debug|x64
		{7B4A5F1C-6F1A-4D33-95F1-0A0B3E1FD3A9}.Debug|x64.ActiveCfg = Debug|x64
		{7B4A5F1C-6F1A-4D33-95F1-0A0B3E1FD3A9}.Debug|x64.Build.0 = Debug|x64
		{7B4A5F1C-6F1A-4D33-95F1-0A0B3E1FD3A9}.Debug|x86.ActiveCfg = Debug|Any CPU
		{7B4A5F1C-6F1A-4D33-95F1-0A0B3E1FD3A9}.Debug|x86.Build.0 = Debug|Any CPU
		{7B4A5F1C-6F1A-4D33-95F1-0A0B3E1FD3A9}.Release|Any CPU.ActiveCfg = Release|x64
		{7B4A5F1C-6F1A-4D33-95F1-0A0B3E1FD3A9}.Release|Any CPU.Build.0 = Release|x64
		{7B4A5F1C-6F1A-4D33-95F1-0A0B3E1FD3A9}.Release|x64.ActiveCfg = Release|x64
		{7B4A5F1C-6F1A-4D33-95F1-0A0B3E1FD3A9}.Release|x64.Build.0 = Release|x64
		{7B4A5F1C-6F1A-4D33-95F1-0A0B3E1FD3A9}.Release|x86.ActiveCfg = Release|Any CPU
		{7B4A5F1C-6F1A-4D33-95F1-0A0B3E1FD3A9}.Release|x86.Build.0 = Release|Any CPU
		{7B4A5F1C-6F1A-4D33-95F1-0A0B3E1FD3A9}.tak|Any CPU.ActiveCfg = Debug|x64
		{7B4A5F1C-6F1A-4D33-95F1-0A0B3E1FD3A9}.tak|Any CPU.Build.0 = Debug|x64
		{7B4A5F1C-6F1A-4D33-95F1-0A0B3E1FD3A9}.tak|x64.ActiveCfg = Debug|x64
		{7B4A5F1C-6F1A-4D33-95F1-0A0B3E1FD3A9}.tak|x64.Build.0 = Debug|x64
		{7B4A5F1C-6F1A-4D33-95F1-0A0B3E1FD3A9}.tak|x86.ActiveCfg = tak|Any CPU
		{7B4A5F1C-6F1A-4D33-95F1-0A0B3E1FD3A9}.tak|x86.Build.0 = tak|Any CPU
		{A958032E-6CB9-4D3D-9A50-BBB18E6E6ECC}.a|Any CPU.ActiveCfg = Debug|x64
		{A958032E-6CB9-4D3D-9A50-BBB18E6E6ECC}.a|Any CPU.Build.0 = Debug|x64
		{A958032E-6CB9-4D3D-9A50-BBB18E6E6ECC}.a|x64.ActiveCfg = Debug|x64
		{A958032E-6CB9-4D3D-9A50-BBB18E6E6ECC}.a|x64.Build.0 = Debug|x64
		{A958032E-6CB9-4D3D-9A50-BBB18E6E6ECC}.a|x86.ActiveCfg = Debug|x64
		{A958032E-6CB9-4D3D-9A50-BBB18E6E6ECC}.a|x86.Build.0 = Debug|x64
		{A958032E-6CB9-4D3D-9A50-BBB18E6E6ECC}.aaa|Any CPU.ActiveCfg = Debug|x64
		{A958032E-6CB9-4D3D-9A50-BBB18E6E6ECC}.aaa|Any CPU.Build.0 = Debug|x64
		{A958032E-6CB9-4D3D-9A50-BBB18E6E6ECC}.aaa|x64.ActiveCfg = Debug|x64
		{A958032E-6CB9-4D3D-9A50-BBB18E6E6ECC}.aaa|x64.Build.0 = Debug|x64
		{A958032E-6CB9-4D3D-9A50-BBB18E6E6ECC}.aaa|x86.ActiveCfg = Debug|x64
		{A958032E-6CB9-4D3D-9A50-BBB18E6E6ECC}.aaa|x86.Build.0 = Debug|x64
		{A958032E-6CB9-4D3D-9A50-BBB18E6E6ECC}.ah|Any CPU.ActiveCfg = Debug|x64
		{A958032E-6CB9-4D3D-9A50-BBB18E6E6ECC}.ah|Any CPU.Build.0 = Debug|x64
		{A958032E-6CB9-4D3D-9A50-BBB18E6E6ECC}.ah|x64.ActiveCfg = Debug|x64
		{A958032E-6CB9-4D3D-9A50-BBB18E6E6ECC}.ah|x64.Build.0 = Debug|x64
		{A958032E-6CB9-4D3D-9A50-BBB18E6E6ECC}.ah|x86.ActiveCfg = Debug|x64
		{A958032E-6CB9-4D3D-9A50-BBB18E6E6ECC}.ah|x86.Build.0 = Debug|x64
		{A958032E-6CB9-4D3D-9A50-BBB18E6E6ECC}.Debug|Any CPU.ActiveCfg = Debug|x64
		{A958032E-6CB9-4D3D-9A50-BBB18E6E6ECC}.Debug|Any CPU.Build.0 = Debug|x64
		{A958032E-6CB9-4D3D-9A50-BBB18E6E6ECC}.Debug|x64.ActiveCfg = Debug|x64
		{A958032E-6CB9-4D3D-9A50-BBB18E6E6ECC}.Debug|x64.Build.0 = Debug|x64
		{A958032E-6CB9-4D3D-9A50-BBB18E6E6ECC}.Debug|x86.ActiveCfg = Debug|x64
		{A958032E-6CB9-4D3D-9A50-BBB18E6E6ECC}.Debug|x86.Build.0 = Debug|x64
		{A958032E-6CB9-4D3D-9A50-BBB18E6E6ECC}.Release|Any CPU.ActiveCfg = Release|x64
		{A958032E-6CB9-4D3D-9A50-BBB18E6E6ECC}.Release|Any CPU.Build.0 = Release|x64
		{A958032E-6CB9-4D3D-9A50-BBB18E6E6ECC}.Release|x64.ActiveCfg = Release|x64
		{A958032E-6CB9-4D3D-9A50-BBB18E6E6ECC}.Release|x64.Build.0 = Release|x64
		{A958032E-6CB9-4D3D-9A50-BBB18E6E6ECC}.Release|x86.ActiveCfg = Release|x64
		{A958032E-6CB9-4D3D-9A50-BBB18E6E6ECC}.Release|x86.Build.0 = Release|x64
		{A958032E-6CB9-4D3D-9A50-BBB18E6E6ECC}.tak|Any CPU.ActiveCfg = Debug|x64
		{A958032E-6CB9-4D3D-9A50-BBB18E6E6ECC}.tak|Any CPU.Build.0 = Debug|x64
		{A958032E-6CB9-4D3D-9A50-BBB18E6E6ECC}.tak|x64.ActiveCfg = Debug|x64
		{A958032E-6CB9-4D3D-9A50-BBB18E6E6ECC}.tak|x64.Build.0 = Debug|x64
		{A958032E-6CB9-4D3D-9A50-BBB18E6E6ECC}.tak|x86.ActiveCfg = Debug|x64
		{A958032E-6CB9-4D3D-9A50-BBB18E6E6ECC}.tak|x86.Build.0 = Debug|x64
	EndGlobalSection
	GlobalSection(SolutionProperties) = preSolution
		HideSolutionNode = FALSE
	EndGlobalSection
	GlobalSection(ExtensibilityGlobals) = postSolution
		SolutionGuid = {1A2BD47B-7521-4332-BBAD-A5BC85A6FE06}
	EndGlobalSection
EndGlobal
