
Microsoft Visual Studio Solution File, Format Version 12.00
# Visual Studio Version 17
VisualStudioVersion = 17.3.32922.545
MinimumVisualStudioVersion = 10.0.40219.1
Project("{9A19103F-16F7-4668-BE54-9A1E7A4F7556}") = "RFEffects", "RFEffects\RFEffects.csproj", "{3FABC5C4-2802-49C3-9F42-83E5937BC6BE}"
EndProject
Project("{9A19103F-16F7-4668-BE54-9A1E7A4F7556}") = "NecromancyAndSummoning", "NecromancyAndSummoning\NecromancyAndSummoning.csproj", "{74D0988D-8A41-4FAB-AA02-F808EB8B08CD}"
EndProject
Project("{9A19103F-16F7-4668-BE54-9A1E7A4F7556}") = "HuntableHerds", "HuntableHerds\HuntableHerds.csproj", "{FF903985-2BD6-4B37-8D15-EB4898C4FC6C}"
EndProject
Project("{9A19103F-16F7-4668-BE54-9A1E7A4F7556}") = "RealmsForgotten", "RealmsForgottenMain\RealmsForgotten.csproj", "{1076A320-4649-4272-B9B7-EB10875BC6B2}"
EndProject
Project("{9A19103F-16F7-4668-BE54-9A1E7A4F7556}") = "RFLegendaryTroops", "RFLegendaryTroops\RFLegendaryTroops.csproj", "{80796246-BA5E-41D3-AAA9-514BE2F74BB3}"
EndProject
Project("{9A19103F-16F7-4668-BE54-9A1E7A4F7556}") = "RFCustomSettlements", "RFCustomScenes\RFCustomSettlements.csproj", "{5EDC973C-000A-475F-AD9A-41045E31AC88}"
EndProject
Project("{9A19103F-16F7-4668-BE54-9A1E7A4F7556}") = "RFCustomBandits", "RFCustomBandits\RFCustomBandits.csproj", "{283CFF27-B5F4-4BE8-B978-DC7D9A8E46E8}"
EndProject
Project("{9A19103F-16F7-4668-BE54-9A1E7A4F7556}") = "RFReligions", "RFReligions\RFReligions.csproj", "{25646E57-0449-44C6-AE51-2412AEE5E876}"
EndProject
Project("{9A19103F-16F7-4668-BE54-9A1E7A4F7556}") = "RFSmithing", "RFSmithing\RFSmithing.csproj", "{394FAFD1-8054-4AF9-8754-7AA84767F6F6}"
EndProject
Project("{FAE04EC0-301F-11D3-BF4B-00C04F79EFBC}") = "Marching", "Marching\Marching.csproj", "{ECC7F6C0-B0D8-4035-99A5-2788A4738853}"
EndProject
Global
	GlobalSection(SolutionConfigurationPlatforms) = preSolution
		aaa|Any CPU = aaa|Any CPU
		aaa|x64 = aaa|x64
		ah|Any CPU = ah|Any CPU
		ah|x64 = ah|x64
		Debug|Any CPU = Debug|Any CPU
		Debug|x64 = Debug|x64
		Release|Any CPU = Release|Any CPU
		Release|x64 = Release|x64
		tak|Any CPU = tak|Any CPU
		tak|x64 = tak|x64
	EndGlobalSection
	GlobalSection(ProjectConfigurationPlatforms) = postSolution
		{3FABC5C4-2802-49C3-9F42-83E5937BC6BE}.aaa|Any CPU.ActiveCfg = Release|x64
		{3FABC5C4-2802-49C3-9F42-83E5937BC6BE}.aaa|Any CPU.Build.0 = Release|x64
		{3FABC5C4-2802-49C3-9F42-83E5937BC6BE}.aaa|x64.ActiveCfg = Release|x64
		{3FABC5C4-2802-49C3-9F42-83E5937BC6BE}.aaa|x64.Build.0 = Release|x64
		{3FABC5C4-2802-49C3-9F42-83E5937BC6BE}.ah|Any CPU.ActiveCfg = Release|x64
		{3FABC5C4-2802-49C3-9F42-83E5937BC6BE}.ah|Any CPU.Build.0 = Release|x64
		{3FABC5C4-2802-49C3-9F42-83E5937BC6BE}.ah|x64.ActiveCfg = Release|x64
		{3FABC5C4-2802-49C3-9F42-83E5937BC6BE}.ah|x64.Build.0 = Release|x64
		{3FABC5C4-2802-49C3-9F42-83E5937BC6BE}.Debug|Any CPU.ActiveCfg = Debug|x64
		{3FABC5C4-2802-49C3-9F42-83E5937BC6BE}.Debug|Any CPU.Build.0 = Debug|x64
		{3FABC5C4-2802-49C3-9F42-83E5937BC6BE}.Debug|x64.ActiveCfg = Debug|x64
		{3FABC5C4-2802-49C3-9F42-83E5937BC6BE}.Debug|x64.Build.0 = Debug|x64
		{3FABC5C4-2802-49C3-9F42-83E5937BC6BE}.Release|Any CPU.ActiveCfg = Release|x64
		{3FABC5C4-2802-49C3-9F42-83E5937BC6BE}.Release|Any CPU.Build.0 = Release|x64
		{3FABC5C4-2802-49C3-9F42-83E5937BC6BE}.Release|x64.ActiveCfg = Release|x64
		{3FABC5C4-2802-49C3-9F42-83E5937BC6BE}.Release|x64.Build.0 = Release|x64
		{3FABC5C4-2802-49C3-9F42-83E5937BC6BE}.tak|Any CPU.ActiveCfg = Release|x64
		{3FABC5C4-2802-49C3-9F42-83E5937BC6BE}.tak|Any CPU.Build.0 = Release|x64
		{3FABC5C4-2802-49C3-9F42-83E5937BC6BE}.tak|x64.ActiveCfg = Release|x64
		{3FABC5C4-2802-49C3-9F42-83E5937BC6BE}.tak|x64.Build.0 = Release|x64
		{74D0988D-8A41-4FAB-AA02-F808EB8B08CD}.aaa|Any CPU.ActiveCfg = Release|x64
		{74D0988D-8A41-4FAB-AA02-F808EB8B08CD}.aaa|Any CPU.Build.0 = Release|x64
		{74D0988D-8A41-4FAB-AA02-F808EB8B08CD}.aaa|x64.ActiveCfg = Release|x64
		{74D0988D-8A41-4FAB-AA02-F808EB8B08CD}.aaa|x64.Build.0 = Release|x64
		{74D0988D-8A41-4FAB-AA02-F808EB8B08CD}.ah|Any CPU.ActiveCfg = Release|x64
		{74D0988D-8A41-4FAB-AA02-F808EB8B08CD}.ah|Any CPU.Build.0 = Release|x64
		{74D0988D-8A41-4FAB-AA02-F808EB8B08CD}.ah|x64.ActiveCfg = Release|x64
		{74D0988D-8A41-4FAB-AA02-F808EB8B08CD}.ah|x64.Build.0 = Release|x64
		{74D0988D-8A41-4FAB-AA02-F808EB8B08CD}.Debug|Any CPU.ActiveCfg = Debug|x64
		{74D0988D-8A41-4FAB-AA02-F808EB8B08CD}.Debug|Any CPU.Build.0 = Debug|x64
		{74D0988D-8A41-4FAB-AA02-F808EB8B08CD}.Debug|x64.ActiveCfg = Debug|x64
		{74D0988D-8A41-4FAB-AA02-F808EB8B08CD}.Debug|x64.Build.0 = Debug|x64
		{74D0988D-8A41-4FAB-AA02-F808EB8B08CD}.Release|Any CPU.ActiveCfg = Release|x64
		{74D0988D-8A41-4FAB-AA02-F808EB8B08CD}.Release|Any CPU.Build.0 = Release|x64
		{74D0988D-8A41-4FAB-AA02-F808EB8B08CD}.Release|x64.ActiveCfg = Release|x64
		{74D0988D-8A41-4FAB-AA02-F808EB8B08CD}.Release|x64.Build.0 = Release|x64
		{74D0988D-8A41-4FAB-AA02-F808EB8B08CD}.tak|Any CPU.ActiveCfg = Release|x64
		{74D0988D-8A41-4FAB-AA02-F808EB8B08CD}.tak|Any CPU.Build.0 = Release|x64
		{74D0988D-8A41-4FAB-AA02-F808EB8B08CD}.tak|x64.ActiveCfg = Release|x64
		{74D0988D-8A41-4FAB-AA02-F808EB8B08CD}.tak|x64.Build.0 = Release|x64
		{FF903985-2BD6-4B37-8D15-EB4898C4FC6C}.aaa|Any CPU.ActiveCfg = Release|x64
		{FF903985-2BD6-4B37-8D15-EB4898C4FC6C}.aaa|Any CPU.Build.0 = Release|x64
		{FF903985-2BD6-4B37-8D15-EB4898C4FC6C}.aaa|x64.ActiveCfg = Release|x64
		{FF903985-2BD6-4B37-8D15-EB4898C4FC6C}.aaa|x64.Build.0 = Release|x64
		{FF903985-2BD6-4B37-8D15-EB4898C4FC6C}.ah|Any CPU.ActiveCfg = Release|x64
		{FF903985-2BD6-4B37-8D15-EB4898C4FC6C}.ah|Any CPU.Build.0 = Release|x64
		{FF903985-2BD6-4B37-8D15-EB4898C4FC6C}.ah|x64.ActiveCfg = Release|x64
		{FF903985-2BD6-4B37-8D15-EB4898C4FC6C}.ah|x64.Build.0 = Release|x64
		{FF903985-2BD6-4B37-8D15-EB4898C4FC6C}.Debug|Any CPU.ActiveCfg = Debug|x64
		{FF903985-2BD6-4B37-8D15-EB4898C4FC6C}.Debug|Any CPU.Build.0 = Debug|x64
		{FF903985-2BD6-4B37-8D15-EB4898C4FC6C}.Debug|x64.ActiveCfg = Debug|x64
		{FF903985-2BD6-4B37-8D15-EB4898C4FC6C}.Debug|x64.Build.0 = Debug|x64
		{FF903985-2BD6-4B37-8D15-EB4898C4FC6C}.Release|Any CPU.ActiveCfg = Release|x64
		{FF903985-2BD6-4B37-8D15-EB4898C4FC6C}.Release|Any CPU.Build.0 = Release|x64
		{FF903985-2BD6-4B37-8D15-EB4898C4FC6C}.Release|x64.ActiveCfg = Release|x64
		{FF903985-2BD6-4B37-8D15-EB4898C4FC6C}.Release|x64.Build.0 = Release|x64
		{FF903985-2BD6-4B37-8D15-EB4898C4FC6C}.tak|Any CPU.ActiveCfg = Release|x64
		{FF903985-2BD6-4B37-8D15-EB4898C4FC6C}.tak|Any CPU.Build.0 = Release|x64
		{FF903985-2BD6-4B37-8D15-EB4898C4FC6C}.tak|x64.ActiveCfg = Release|x64
		{FF903985-2BD6-4B37-8D15-EB4898C4FC6C}.tak|x64.Build.0 = Release|x64
		{1076A320-4649-4272-B9B7-EB10875BC6B2}.aaa|Any CPU.ActiveCfg = Release|x64
		{1076A320-4649-4272-B9B7-EB10875BC6B2}.aaa|Any CPU.Build.0 = Release|x64
		{1076A320-4649-4272-B9B7-EB10875BC6B2}.aaa|x64.ActiveCfg = Release|x64
		{1076A320-4649-4272-B9B7-EB10875BC6B2}.aaa|x64.Build.0 = Release|x64
		{1076A320-4649-4272-B9B7-EB10875BC6B2}.ah|Any CPU.ActiveCfg = Release|x64
		{1076A320-4649-4272-B9B7-EB10875BC6B2}.ah|Any CPU.Build.0 = Release|x64
		{1076A320-4649-4272-B9B7-EB10875BC6B2}.ah|x64.ActiveCfg = Release|x64
		{1076A320-4649-4272-B9B7-EB10875BC6B2}.ah|x64.Build.0 = Release|x64
		{1076A320-4649-4272-B9B7-EB10875BC6B2}.Debug|Any CPU.ActiveCfg = Debug|x64
		{1076A320-4649-4272-B9B7-EB10875BC6B2}.Debug|Any CPU.Build.0 = Debug|x64
		{1076A320-4649-4272-B9B7-EB10875BC6B2}.Debug|x64.ActiveCfg = Debug|x64
		{1076A320-4649-4272-B9B7-EB10875BC6B2}.Debug|x64.Build.0 = Debug|x64
		{1076A320-4649-4272-B9B7-EB10875BC6B2}.Release|Any CPU.ActiveCfg = Release|x64
		{1076A320-4649-4272-B9B7-EB10875BC6B2}.Release|Any CPU.Build.0 = Release|x64
		{1076A320-4649-4272-B9B7-EB10875BC6B2}.Release|x64.ActiveCfg = Release|x64
		{1076A320-4649-4272-B9B7-EB10875BC6B2}.Release|x64.Build.0 = Release|x64
		{1076A320-4649-4272-B9B7-EB10875BC6B2}.tak|Any CPU.ActiveCfg = Release|x64
		{1076A320-4649-4272-B9B7-EB10875BC6B2}.tak|Any CPU.Build.0 = Release|x64
		{1076A320-4649-4272-B9B7-EB10875BC6B2}.tak|x64.ActiveCfg = Release|x64
		{1076A320-4649-4272-B9B7-EB10875BC6B2}.tak|x64.Build.0 = Release|x64
		{80796246-BA5E-41D3-AAA9-514BE2F74BB3}.aaa|Any CPU.ActiveCfg = Release|x64
		{80796246-BA5E-41D3-AAA9-514BE2F74BB3}.aaa|Any CPU.Build.0 = Release|x64
		{80796246-BA5E-41D3-AAA9-514BE2F74BB3}.aaa|x64.ActiveCfg = Release|x64
		{80796246-BA5E-41D3-AAA9-514BE2F74BB3}.aaa|x64.Build.0 = Release|x64
		{80796246-BA5E-41D3-AAA9-514BE2F74BB3}.ah|Any CPU.ActiveCfg = Release|x64
		{80796246-BA5E-41D3-AAA9-514BE2F74BB3}.ah|Any CPU.Build.0 = Release|x64
		{80796246-BA5E-41D3-AAA9-514BE2F74BB3}.ah|x64.ActiveCfg = Release|x64
		{80796246-BA5E-41D3-AAA9-514BE2F74BB3}.ah|x64.Build.0 = Release|x64
		{80796246-BA5E-41D3-AAA9-514BE2F74BB3}.Debug|Any CPU.ActiveCfg = Debug|x64
		{80796246-BA5E-41D3-AAA9-514BE2F74BB3}.Debug|Any CPU.Build.0 = Debug|x64
		{80796246-BA5E-41D3-AAA9-514BE2F74BB3}.Debug|x64.ActiveCfg = Debug|x64
		{80796246-BA5E-41D3-AAA9-514BE2F74BB3}.Debug|x64.Build.0 = Debug|x64
		{80796246-BA5E-41D3-AAA9-514BE2F74BB3}.Release|Any CPU.ActiveCfg = Release|x64
		{80796246-BA5E-41D3-AAA9-514BE2F74BB3}.Release|Any CPU.Build.0 = Release|x64
		{80796246-BA5E-41D3-AAA9-514BE2F74BB3}.Release|x64.ActiveCfg = Release|x64
		{80796246-BA5E-41D3-AAA9-514BE2F74BB3}.Release|x64.Build.0 = Release|x64
		{80796246-BA5E-41D3-AAA9-514BE2F74BB3}.tak|Any CPU.ActiveCfg = Release|x64
		{80796246-BA5E-41D3-AAA9-514BE2F74BB3}.tak|Any CPU.Build.0 = Release|x64
		{80796246-BA5E-41D3-AAA9-514BE2F74BB3}.tak|x64.ActiveCfg = Release|x64
		{80796246-BA5E-41D3-AAA9-514BE2F74BB3}.tak|x64.Build.0 = Release|x64
		{5EDC973C-000A-475F-AD9A-41045E31AC88}.aaa|Any CPU.ActiveCfg = Release|Any CPU
		{5EDC973C-000A-475F-AD9A-41045E31AC88}.aaa|Any CPU.Build.0 = Release|Any CPU
		{5EDC973C-000A-475F-AD9A-41045E31AC88}.aaa|x64.ActiveCfg = tak|x64
		{5EDC973C-000A-475F-AD9A-41045E31AC88}.aaa|x64.Build.0 = tak|x64
		{5EDC973C-000A-475F-AD9A-41045E31AC88}.ah|Any CPU.ActiveCfg = Release|Any CPU
		{5EDC973C-000A-475F-AD9A-41045E31AC88}.ah|Any CPU.Build.0 = Release|Any CPU
		{5EDC973C-000A-475F-AD9A-41045E31AC88}.ah|x64.ActiveCfg = tak|x64
		{5EDC973C-000A-475F-AD9A-41045E31AC88}.ah|x64.Build.0 = tak|x64
		{5EDC973C-000A-475F-AD9A-41045E31AC88}.Debug|Any CPU.ActiveCfg = Debug|x64
		{5EDC973C-000A-475F-AD9A-41045E31AC88}.Debug|Any CPU.Build.0 = Debug|x64
		{5EDC973C-000A-475F-AD9A-41045E31AC88}.Debug|x64.ActiveCfg = Debug|Any CPU
		{5EDC973C-000A-475F-AD9A-41045E31AC88}.Debug|x64.Build.0 = Debug|Any CPU
		{5EDC973C-000A-475F-AD9A-41045E31AC88}.Release|Any CPU.ActiveCfg = Release|x64
		{5EDC973C-000A-475F-AD9A-41045E31AC88}.Release|Any CPU.Build.0 = Release|x64
		{5EDC973C-000A-475F-AD9A-41045E31AC88}.Release|x64.ActiveCfg = Release|Any CPU
		{5EDC973C-000A-475F-AD9A-41045E31AC88}.Release|x64.Build.0 = Release|Any CPU
		{5EDC973C-000A-475F-AD9A-41045E31AC88}.tak|Any CPU.ActiveCfg = tak|x64
		{5EDC973C-000A-475F-AD9A-41045E31AC88}.tak|Any CPU.Build.0 = tak|x64
		{5EDC973C-000A-475F-AD9A-41045E31AC88}.tak|x64.ActiveCfg = tak|x64
		{5EDC973C-000A-475F-AD9A-41045E31AC88}.tak|x64.Build.0 = tak|x64
		{283CFF27-B5F4-4BE8-B978-DC7D9A8E46E8}.aaa|Any CPU.ActiveCfg = Release|x64
		{283CFF27-B5F4-4BE8-B978-DC7D9A8E46E8}.aaa|Any CPU.Build.0 = Release|x64
		{283CFF27-B5F4-4BE8-B978-DC7D9A8E46E8}.aaa|x64.ActiveCfg = Release|x64
		{283CFF27-B5F4-4BE8-B978-DC7D9A8E46E8}.aaa|x64.Build.0 = Release|x64
		{283CFF27-B5F4-4BE8-B978-DC7D9A8E46E8}.ah|Any CPU.ActiveCfg = Release|x64
		{283CFF27-B5F4-4BE8-B978-DC7D9A8E46E8}.ah|Any CPU.Build.0 = Release|x64
		{283CFF27-B5F4-4BE8-B978-DC7D9A8E46E8}.ah|x64.ActiveCfg = Release|x64
		{283CFF27-B5F4-4BE8-B978-DC7D9A8E46E8}.ah|x64.Build.0 = Release|x64
		{283CFF27-B5F4-4BE8-B978-DC7D9A8E46E8}.Debug|Any CPU.ActiveCfg = Debug|x64
		{283CFF27-B5F4-4BE8-B978-DC7D9A8E46E8}.Debug|Any CPU.Build.0 = Debug|x64
		{283CFF27-B5F4-4BE8-B978-DC7D9A8E46E8}.Debug|x64.ActiveCfg = Debug|x64
		{283CFF27-B5F4-4BE8-B978-DC7D9A8E46E8}.Debug|x64.Build.0 = Debug|x64
		{283CFF27-B5F4-4BE8-B978-DC7D9A8E46E8}.Release|Any CPU.ActiveCfg = Release|x64
		{283CFF27-B5F4-4BE8-B978-DC7D9A8E46E8}.Release|Any CPU.Build.0 = Release|x64
		{283CFF27-B5F4-4BE8-B978-DC7D9A8E46E8}.Release|x64.ActiveCfg = Release|x64
		{283CFF27-B5F4-4BE8-B978-DC7D9A8E46E8}.Release|x64.Build.0 = Release|x64
		{283CFF27-B5F4-4BE8-B978-DC7D9A8E46E8}.tak|Any CPU.ActiveCfg = Release|x64
		{283CFF27-B5F4-4BE8-B978-DC7D9A8E46E8}.tak|Any CPU.Build.0 = Release|x64
		{283CFF27-B5F4-4BE8-B978-DC7D9A8E46E8}.tak|x64.ActiveCfg = Release|x64
		{283CFF27-B5F4-4BE8-B978-DC7D9A8E46E8}.tak|x64.Build.0 = Release|x64
		{25646E57-0449-44C6-AE51-2412AEE5E876}.aaa|Any CPU.ActiveCfg = Release|x64
		{25646E57-0449-44C6-AE51-2412AEE5E876}.aaa|Any CPU.Build.0 = Release|x64
		{25646E57-0449-44C6-AE51-2412AEE5E876}.aaa|x64.ActiveCfg = Release|x64
		{25646E57-0449-44C6-AE51-2412AEE5E876}.aaa|x64.Build.0 = Release|x64
		{25646E57-0449-44C6-AE51-2412AEE5E876}.ah|Any CPU.ActiveCfg = Release|x64
		{25646E57-0449-44C6-AE51-2412AEE5E876}.ah|Any CPU.Build.0 = Release|x64
		{25646E57-0449-44C6-AE51-2412AEE5E876}.ah|x64.ActiveCfg = Release|x64
		{25646E57-0449-44C6-AE51-2412AEE5E876}.ah|x64.Build.0 = Release|x64
		{25646E57-0449-44C6-AE51-2412AEE5E876}.Debug|Any CPU.ActiveCfg = Debug|x64
		{25646E57-0449-44C6-AE51-2412AEE5E876}.Debug|Any CPU.Build.0 = Debug|x64
		{25646E57-0449-44C6-AE51-2412AEE5E876}.Debug|x64.ActiveCfg = Debug|x64
		{25646E57-0449-44C6-AE51-2412AEE5E876}.Debug|x64.Build.0 = Debug|x64
		{25646E57-0449-44C6-AE51-2412AEE5E876}.Release|Any CPU.ActiveCfg = Release|x64
		{25646E57-0449-44C6-AE51-2412AEE5E876}.Release|Any CPU.Build.0 = Release|x64
		{25646E57-0449-44C6-AE51-2412AEE5E876}.Release|x64.ActiveCfg = Release|x64
		{25646E57-0449-44C6-AE51-2412AEE5E876}.Release|x64.Build.0 = Release|x64
		{25646E57-0449-44C6-AE51-2412AEE5E876}.tak|Any CPU.ActiveCfg = Release|x64
		{25646E57-0449-44C6-AE51-2412AEE5E876}.tak|Any CPU.Build.0 = Release|x64
		{25646E57-0449-44C6-AE51-2412AEE5E876}.tak|x64.ActiveCfg = Release|x64
		{25646E57-0449-44C6-AE51-2412AEE5E876}.tak|x64.Build.0 = Release|x64
		{394FAFD1-8054-4AF9-8754-7AA84767F6F6}.aaa|Any CPU.ActiveCfg = Release|x64
		{394FAFD1-8054-4AF9-8754-7AA84767F6F6}.aaa|Any CPU.Build.0 = Release|x64
		{394FAFD1-8054-4AF9-8754-7AA84767F6F6}.aaa|x64.ActiveCfg = Release|x64
		{394FAFD1-8054-4AF9-8754-7AA84767F6F6}.aaa|x64.Build.0 = Release|x64
		{394FAFD1-8054-4AF9-8754-7AA84767F6F6}.ah|Any CPU.ActiveCfg = Release|x64
		{394FAFD1-8054-4AF9-8754-7AA84767F6F6}.ah|Any CPU.Build.0 = Release|x64
		{394FAFD1-8054-4AF9-8754-7AA84767F6F6}.ah|x64.ActiveCfg = Release|x64
		{394FAFD1-8054-4AF9-8754-7AA84767F6F6}.ah|x64.Build.0 = Release|x64
		{394FAFD1-8054-4AF9-8754-7AA84767F6F6}.Debug|Any CPU.ActiveCfg = Debug|x64
		{394FAFD1-8054-4AF9-8754-7AA84767F6F6}.Debug|Any CPU.Build.0 = Debug|x64
		{394FAFD1-8054-4AF9-8754-7AA84767F6F6}.Debug|x64.ActiveCfg = Debug|x64
		{394FAFD1-8054-4AF9-8754-7AA84767F6F6}.Debug|x64.Build.0 = Debug|x64
		{394FAFD1-8054-4AF9-8754-7AA84767F6F6}.Release|Any CPU.ActiveCfg = Release|x64
		{394FAFD1-8054-4AF9-8754-7AA84767F6F6}.Release|Any CPU.Build.0 = Release|x64
		{394FAFD1-8054-4AF9-8754-7AA84767F6F6}.Release|x64.ActiveCfg = Release|x64
		{394FAFD1-8054-4AF9-8754-7AA84767F6F6}.Release|x64.Build.0 = Release|x64
		{394FAFD1-8054-4AF9-8754-7AA84767F6F6}.tak|Any CPU.ActiveCfg = Release|x64
		{394FAFD1-8054-4AF9-8754-7AA84767F6F6}.tak|Any CPU.Build.0 = Release|x64
		{394FAFD1-8054-4AF9-8754-7AA84767F6F6}.tak|x64.ActiveCfg = Release|x64
		{394FAFD1-8054-4AF9-8754-7AA84767F6F6}.tak|x64.Build.0 = Release|x64
		{ECC7F6C0-B0D8-4035-99A5-2788A4738853}.aaa|Any CPU.ActiveCfg = aaa|x64
		{ECC7F6C0-B0D8-4035-99A5-2788A4738853}.aaa|Any CPU.Build.0 = aaa|x64
		{ECC7F6C0-B0D8-4035-99A5-2788A4738853}.aaa|x64.ActiveCfg = aaa|x64
		{ECC7F6C0-B0D8-4035-99A5-2788A4738853}.aaa|x64.Build.0 = aaa|x64
		{ECC7F6C0-B0D8-4035-99A5-2788A4738853}.ah|Any CPU.ActiveCfg = ah|x64
		{ECC7F6C0-B0D8-4035-99A5-2788A4738853}.ah|Any CPU.Build.0 = ah|x64
		{ECC7F6C0-B0D8-4035-99A5-2788A4738853}.ah|x64.ActiveCfg = ah|x64
		{ECC7F6C0-B0D8-4035-99A5-2788A4738853}.ah|x64.Build.0 = ah|x64
		{ECC7F6C0-B0D8-4035-99A5-2788A4738853}.Debug|Any CPU.ActiveCfg = Debug|x64
		{ECC7F6C0-B0D8-4035-99A5-2788A4738853}.Debug|Any CPU.Build.0 = Debug|x64
		{ECC7F6C0-B0D8-4035-99A5-2788A4738853}.Debug|x64.ActiveCfg = Debug|Any CPU
		{ECC7F6C0-B0D8-4035-99A5-2788A4738853}.Debug|x64.Build.0 = Debug|Any CPU
		{ECC7F6C0-B0D8-4035-99A5-2788A4738853}.Release|Any CPU.ActiveCfg = Release|Any CPU
		{ECC7F6C0-B0D8-4035-99A5-2788A4738853}.Release|Any CPU.Build.0 = Release|Any CPU
		{ECC7F6C0-B0D8-4035-99A5-2788A4738853}.Release|x64.ActiveCfg = Release|Any CPU
		{ECC7F6C0-B0D8-4035-99A5-2788A4738853}.Release|x64.Build.0 = Release|Any CPU
		{ECC7F6C0-B0D8-4035-99A5-2788A4738853}.tak|Any CPU.ActiveCfg = Release|Any CPU
		{ECC7F6C0-B0D8-4035-99A5-2788A4738853}.tak|Any CPU.Build.0 = Release|Any CPU
		{ECC7F6C0-B0D8-4035-99A5-2788A4738853}.tak|x64.ActiveCfg = ah|x64
		{ECC7F6C0-B0D8-4035-99A5-2788A4738853}.tak|x64.Build.0 = ah|x64
	EndGlobalSection
	GlobalSection(SolutionProperties) = preSolution
		HideSolutionNode = FALSE
	EndGlobalSection
	GlobalSection(ExtensibilityGlobals) = postSolution
		SolutionGuid = {1A2BD47B-7521-4332-BBAD-A5BC85A6FE06}
	EndGlobalSection
EndGlobal
